
Microsoft Visual Studio Solution File, Format Version 12.00
# Visual Studio 15
VisualStudioVersion = 15.0.28010.0
MinimumVisualStudioVersion = 10.0.40219.1
Project("{FAE04EC0-301F-11D3-BF4B-00C04F79EFBC}") = "MapToIdc", "MapToIdc\MapToIdc.csproj", "{5CACEE5C-F71A-42F1-9E5C-5C2ECD0D75D3}"
EndProject
Global
	GlobalSection(SolutionConfigurationPlatforms) = preSolution
		Debug|Any CPU = Debug|Any CPU
		Release|Any CPU = Release|Any CPU
	EndGlobalSection
	GlobalSection(ProjectConfigurationPlatforms) = postSolution
		{5CACEE5C-F71A-42F1-9E5C-5C2ECD0D75D3}.Debug|Any CPU.ActiveCfg = Debug|Any CPU
		{5CACEE5C-F71A-42F1-9E5C-5C2ECD0D75D3}.Debug|Any CPU.Build.0 = Debug|Any CPU
		{5CACEE5C-F71A-42F1-9E5C-5C2ECD0D75D3}.Release|Any CPU.ActiveCfg = Release|Any CPU
		{5CACEE5C-F71A-42F1-9E5C-5C2ECD0D75D3}.Release|Any CPU.Build.0 = Release|Any CPU
	EndGlobalSection
	GlobalSection(SolutionProperties) = preSolution
		HideSolutionNode = FALSE
	EndGlobalSection
	GlobalSection(ExtensibilityGlobals) = postSolution
		SolutionGuid = {4B837101-8AF4-420A-8045-AF9B989A65B1}
	EndGlobalSection
EndGlobal
